
Microsoft Visual Studio Solution File, Format Version 12.00
# Visual Studio Version 16
VisualStudioVersion = 16.0.31702.278
MinimumVisualStudioVersion = 10.0.40219.1
Project("{FAE04EC0-301F-11D3-BF4B-00C04F79EFBC}") = "WebApp_F", "WebApp_F\WebApp_F.csproj", "{56DAE754-6BF8-4CF6-AEE2-010F378D7BA8}"
EndProject
Global
	GlobalSection(SolutionConfigurationPlatforms) = preSolution
		Debug|Any CPU = Debug|Any CPU
		Release|Any CPU = Release|Any CPU
	EndGlobalSection
	GlobalSection(ProjectConfigurationPlatforms) = postSolution
		{56DAE754-6BF8-4CF6-AEE2-010F378D7BA8}.Debug|Any CPU.ActiveCfg = Debug|Any CPU
		{56DAE754-6BF8-4CF6-AEE2-010F378D7BA8}.Debug|Any CPU.Build.0 = Debug|Any CPU
		{56DAE754-6BF8-4CF6-AEE2-010F378D7BA8}.Release|Any CPU.ActiveCfg = Release|Any CPU
		{56DAE754-6BF8-4CF6-AEE2-010F378D7BA8}.Release|Any CPU.Build.0 = Release|Any CPU
	EndGlobalSection
	GlobalSection(SolutionProperties) = preSolution
		HideSolutionNode = FALSE
	EndGlobalSection
	GlobalSection(ExtensibilityGlobals) = postSolution
		SolutionGuid = {20C257C5-87E0-43DF-A4E0-BDFB719BF2FD}
	EndGlobalSection
EndGlobal
